// !$*UTF8*$!
{
	archiveVersion = 1;
	classes = {
	};
	objectVersion = 55;
	objects = {

/* Begin PBXBuildFile section */
		2D7BAE8927FB82B700981E92 /* SearchBarViewController.swift in Sources */ = {isa = PBXBuildFile; fileRef = 2D7BAE8827FB82B700981E92 /* SearchBarViewController.swift */; };
		2D7BAE8C27FB82E400981E92 /* ExampleTableViewCell.swift in Sources */ = {isa = PBXBuildFile; fileRef = 2D7BAE8A27FB82E400981E92 /* ExampleTableViewCell.swift */; };
		2D7BAE8D27FB82E400981E92 /* ExampleTableViewCell.xib in Resources */ = {isa = PBXBuildFile; fileRef = 2D7BAE8B27FB82E400981E92 /* ExampleTableViewCell.xib */; };
		2D7BAE9027FB852B00981E92 /* DealOfTheDayTableViewCell.swift in Sources */ = {isa = PBXBuildFile; fileRef = 2D7BAE8E27FB852B00981E92 /* DealOfTheDayTableViewCell.swift */; };
		2D7BAE9127FB852B00981E92 /* DealOfTheDayTableViewCell.xib in Resources */ = {isa = PBXBuildFile; fileRef = 2D7BAE8F27FB852B00981E92 /* DealOfTheDayTableViewCell.xib */; };
		2D7BAE9427FB863F00981E92 /* CollectionTableViewCell.swift in Sources */ = {isa = PBXBuildFile; fileRef = 2D7BAE9227FB863F00981E92 /* CollectionTableViewCell.swift */; };
		2D7BAE9527FB863F00981E92 /* CollectionTableViewCell.xib in Resources */ = {isa = PBXBuildFile; fileRef = 2D7BAE9327FB863F00981E92 /* CollectionTableViewCell.xib */; };
		2D7BAE9827FB86C800981E92 /* MyCollectionViewCell.swift in Sources */ = {isa = PBXBuildFile; fileRef = 2D7BAE9627FB86C800981E92 /* MyCollectionViewCell.swift */; };
		2D7BAE9927FB86C800981E92 /* MyCollectionViewCell.xib in Resources */ = {isa = PBXBuildFile; fileRef = 2D7BAE9727FB86C800981E92 /* MyCollectionViewCell.xib */; };
		2D7BAE9A27FB880300981E92 /* DataFetcher.swift in Sources */ = {isa = PBXBuildFile; fileRef = 2D7BAE8527FB821700981E92 /* DataFetcher.swift */; };
		2D7BAE9B27FB8E4700981E92 /* DBHelper.swift in Sources */ = {isa = PBXBuildFile; fileRef = 4CB7E7DB27FB444600D8DAF2 /* DBHelper.swift */; };
		2D95551F2800E31C0032C719 /* PlaceOrderViewController.swift in Sources */ = {isa = PBXBuildFile; fileRef = 2D95551E2800E31C0032C719 /* PlaceOrderViewController.swift */; };
		2DB24F5927FC98EF00F0ADA4 /* CartViewController.swift in Sources */ = {isa = PBXBuildFile; fileRef = 2DB24F5827FC98EF00F0ADA4 /* CartViewController.swift */; };
		2DB24F5C27FCA0BF00F0ADA4 /* ProceedToCheckoutTableViewCell.swift in Sources */ = {isa = PBXBuildFile; fileRef = 2DB24F5A27FCA0BF00F0ADA4 /* ProceedToCheckoutTableViewCell.swift */; };
		2DB24F5D27FCA0BF00F0ADA4 /* ProceedToCheckoutTableViewCell.xib in Resources */ = {isa = PBXBuildFile; fileRef = 2DB24F5B27FCA0BF00F0ADA4 /* ProceedToCheckoutTableViewCell.xib */; };
		2DB24F6027FCA39700F0ADA4 /* PurchasedItemTableViewCell.swift in Sources */ = {isa = PBXBuildFile; fileRef = 2DB24F5E27FCA39700F0ADA4 /* PurchasedItemTableViewCell.swift */; };
		2DB24F6127FCA39700F0ADA4 /* PurchasedItemTableViewCell.xib in Resources */ = {isa = PBXBuildFile; fileRef = 2DB24F5F27FCA39700F0ADA4 /* PurchasedItemTableViewCell.xib */; };
		2DC35DFD27FDD61900DEAFD1 /* ShopGroupAppDB.db in Resources */ = {isa = PBXBuildFile; fileRef = 2DC35DFC27FDD61900DEAFD1 /* ShopGroupAppDB.db */; };
		2DC35DFF27FDE63200DEAFD1 /* TabBarViewController.swift in Sources */ = {isa = PBXBuildFile; fileRef = 2DC35DFE27FDE63200DEAFD1 /* TabBarViewController.swift */; };
		3D3783E6280DB7CB006ADA90 /* GoogleService-Info.plist in Resources */ = {isa = PBXBuildFile; fileRef = 3D3783E5280DB7CB006ADA90 /* GoogleService-Info.plist */; };
		3D3783E8280DC1E3006ADA90 /* SignUpViewController.swift in Sources */ = {isa = PBXBuildFile; fileRef = 3D3783E7280DC1E2006ADA90 /* SignUpViewController.swift */; };
		4896D4943F04427BACC3566A /* Pods_ShopProjectApp.framework in Frameworks */ = {isa = PBXBuildFile; fileRef = 9C157A4DBF55160E10F9B54C /* Pods_ShopProjectApp.framework */; };
		4C36F72D28076B1000F0C400 /* refundCellSelector.swift in Sources */ = {isa = PBXBuildFile; fileRef = 4C36F72C28076B1000F0C400 /* refundCellSelector.swift */; };
		4C36F72F28086B0C00F0C400 /* FeedbackViewController.swift in Sources */ = {isa = PBXBuildFile; fileRef = 4C36F72E28086B0C00F0C400 /* FeedbackViewController.swift */; };
		4C36F7332809B66900F0C400 /* TrackerViewController.swift in Sources */ = {isa = PBXBuildFile; fileRef = 4C36F7322809B66900F0C400 /* TrackerViewController.swift */; };
		4C36F7372809B6FE00F0C400 /* MapDefaultViewController.swift in Sources */ = {isa = PBXBuildFile; fileRef = 4C36F7362809B6FE00F0C400 /* MapDefaultViewController.swift */; };
		4C36F739280C982C00F0C400 /* WishlistViewController.swift in Sources */ = {isa = PBXBuildFile; fileRef = 4C36F738280C982C00F0C400 /* WishlistViewController.swift */; };
		4C36F73B280C9F7E00F0C400 /* WishlistTableViewCell.swift in Sources */ = {isa = PBXBuildFile; fileRef = 4C36F73A280C9F7E00F0C400 /* WishlistTableViewCell.swift */; };
		4C36F73D280CB17C00F0C400 /* HistoryTableViewCell.swift in Sources */ = {isa = PBXBuildFile; fileRef = 4C36F73C280CB17C00F0C400 /* HistoryTableViewCell.swift */; };
		4C36F73F280CB18A00F0C400 /* HistoryViewController.swift in Sources */ = {isa = PBXBuildFile; fileRef = 4C36F73E280CB18A00F0C400 /* HistoryViewController.swift */; };
		4C36F741280CD70D00F0C400 /* Styles.swift in Sources */ = {isa = PBXBuildFile; fileRef = 4C36F740280CD70D00F0C400 /* Styles.swift */; };
		4CA585F327FDECF300BDBF63 /* User.swift in Sources */ = {isa = PBXBuildFile; fileRef = 4CA585F227FDECF300BDBF63 /* User.swift */; };
		4CA585F727FF417F00BDBF63 /* LoginScreen.swift in Sources */ = {isa = PBXBuildFile; fileRef = 4CA585F627FF417F00BDBF63 /* LoginScreen.swift */; };
		4CA585FC27FF496F00BDBF63 /* Validation.swift in Sources */ = {isa = PBXBuildFile; fileRef = 4CA585FB27FF496F00BDBF63 /* Validation.swift */; };
		4CA585FE27FF4B6200BDBF63 /* Navigation.swift in Sources */ = {isa = PBXBuildFile; fileRef = 4CA585FD27FF4B6200BDBF63 /* Navigation.swift */; };
		4CA5860028009CAF00BDBF63 /* ProfileViewController.swift in Sources */ = {isa = PBXBuildFile; fileRef = 4CA585FF28009CAF00BDBF63 /* ProfileViewController.swift */; };
		4CA586022800A13E00BDBF63 /* profileUserOrderCollectionViewCell.swift in Sources */ = {isa = PBXBuildFile; fileRef = 4CA586012800A13E00BDBF63 /* profileUserOrderCollectionViewCell.swift */; };
		4CA586072804C49B00BDBF63 /* RefundViewController.swift in Sources */ = {isa = PBXBuildFile; fileRef = 4CA586062804C49B00BDBF63 /* RefundViewController.swift */; };
		4CA586092806135300BDBF63 /* RefundTableViewCell.swift in Sources */ = {isa = PBXBuildFile; fileRef = 4CA586082806135300BDBF63 /* RefundTableViewCell.swift */; };
		4CB7E7AA27FB38F000D8DAF2 /* AppDelegate.swift in Sources */ = {isa = PBXBuildFile; fileRef = 4CB7E7A927FB38F000D8DAF2 /* AppDelegate.swift */; };
		4CB7E7AC27FB38F000D8DAF2 /* SceneDelegate.swift in Sources */ = {isa = PBXBuildFile; fileRef = 4CB7E7AB27FB38F000D8DAF2 /* SceneDelegate.swift */; };
		4CB7E7AE27FB38F000D8DAF2 /* ViewController.swift in Sources */ = {isa = PBXBuildFile; fileRef = 4CB7E7AD27FB38F000D8DAF2 /* ViewController.swift */; };
		4CB7E7B127FB38F000D8DAF2 /* Main.storyboard in Resources */ = {isa = PBXBuildFile; fileRef = 4CB7E7AF27FB38F000D8DAF2 /* Main.storyboard */; };
		4CB7E7B327FB38F100D8DAF2 /* Assets.xcassets in Resources */ = {isa = PBXBuildFile; fileRef = 4CB7E7B227FB38F100D8DAF2 /* Assets.xcassets */; };
		4CB7E7B627FB38F100D8DAF2 /* LaunchScreen.storyboard in Resources */ = {isa = PBXBuildFile; fileRef = 4CB7E7B427FB38F100D8DAF2 /* LaunchScreen.storyboard */; };
		4CB7E7C127FB38F100D8DAF2 /* ShopProjectAppTests.swift in Sources */ = {isa = PBXBuildFile; fileRef = 4CB7E7C027FB38F100D8DAF2 /* ShopProjectAppTests.swift */; };
		4CB7E7CB27FB38F100D8DAF2 /* ShopProjectAppUITests.swift in Sources */ = {isa = PBXBuildFile; fileRef = 4CB7E7CA27FB38F100D8DAF2 /* ShopProjectAppUITests.swift */; };
		4CB7E7CD27FB38F100D8DAF2 /* ShopProjectAppUITestsLaunchTests.swift in Sources */ = {isa = PBXBuildFile; fileRef = 4CB7E7CC27FB38F100D8DAF2 /* ShopProjectAppUITestsLaunchTests.swift */; };
		4CB7E7DF27FB6D0100D8DAF2 /* Suggested.swift in Sources */ = {isa = PBXBuildFile; fileRef = 4CB7E7DE27FB6D0100D8DAF2 /* Suggested.swift */; };
		4CB7E7E327FB90B700D8DAF2 /* Items.swift in Sources */ = {isa = PBXBuildFile; fileRef = 4CB7E7E227FB90B700D8DAF2 /* Items.swift */; };
		4CB7E7E727FC9CD100D8DAF2 /* UserOrder.swift in Sources */ = {isa = PBXBuildFile; fileRef = 4CB7E7E627FC9CD100D8DAF2 /* UserOrder.swift */; };
		4CB7E7F027FCCD5E00D8DAF2 /* displayItemViewController.swift in Sources */ = {isa = PBXBuildFile; fileRef = 4CB7E7EF27FCCD5D00D8DAF2 /* displayItemViewController.swift */; };
		4CB7E7F227FCCE4B00D8DAF2 /* SuggestedItemCollectionViewCell.swift in Sources */ = {isa = PBXBuildFile; fileRef = 4CB7E7F127FCCE4B00D8DAF2 /* SuggestedItemCollectionViewCell.swift */; };
		4CB7E7F427FCE23B00D8DAF2 /* GlobalVariables.swift in Sources */ = {isa = PBXBuildFile; fileRef = 4CB7E7F327FCE23B00D8DAF2 /* GlobalVariables.swift */; };
		58FE9B5BCAA9A75B6C18B650 /* Pods_ShopProjectAppTests.framework in Frameworks */ = {isa = PBXBuildFile; fileRef = C20F456D352D754FA731BBE7 /* Pods_ShopProjectAppTests.framework */; };
		6B24394FDDD063B1BD1D5A50 /* Pods_ShopProjectApp_ShopProjectAppUITests.framework in Frameworks */ = {isa = PBXBuildFile; fileRef = 257CDBF2516B2ED9A95FE9BA /* Pods_ShopProjectApp_ShopProjectAppUITests.framework */; };
/* End PBXBuildFile section */

/* Begin PBXContainerItemProxy section */
		4CB7E7BD27FB38F100D8DAF2 /* PBXContainerItemProxy */ = {
			isa = PBXContainerItemProxy;
			containerPortal = 4CB7E79E27FB38F000D8DAF2 /* Project object */;
			proxyType = 1;
			remoteGlobalIDString = 4CB7E7A527FB38F000D8DAF2;
			remoteInfo = ShopProjectApp;
		};
		4CB7E7C727FB38F100D8DAF2 /* PBXContainerItemProxy */ = {
			isa = PBXContainerItemProxy;
			containerPortal = 4CB7E79E27FB38F000D8DAF2 /* Project object */;
			proxyType = 1;
			remoteGlobalIDString = 4CB7E7A527FB38F000D8DAF2;
			remoteInfo = ShopProjectApp;
		};
/* End PBXContainerItemProxy section */

/* Begin PBXFileReference section */
		139A1CDEAA6AA8CAD0C64238 /* Pods-ShopProjectAppTests.release.xcconfig */ = {isa = PBXFileReference; includeInIndex = 1; lastKnownFileType = text.xcconfig; name = "Pods-ShopProjectAppTests.release.xcconfig"; path = "Target Support Files/Pods-ShopProjectAppTests/Pods-ShopProjectAppTests.release.xcconfig"; sourceTree = "<group>"; };
		257CDBF2516B2ED9A95FE9BA /* Pods_ShopProjectApp_ShopProjectAppUITests.framework */ = {isa = PBXFileReference; explicitFileType = wrapper.framework; includeInIndex = 0; path = Pods_ShopProjectApp_ShopProjectAppUITests.framework; sourceTree = BUILT_PRODUCTS_DIR; };
		2D7BAE8527FB821700981E92 /* DataFetcher.swift */ = {isa = PBXFileReference; lastKnownFileType = sourcecode.swift; path = DataFetcher.swift; sourceTree = "<group>"; };
		2D7BAE8827FB82B700981E92 /* SearchBarViewController.swift */ = {isa = PBXFileReference; lastKnownFileType = sourcecode.swift; path = SearchBarViewController.swift; sourceTree = "<group>"; };
		2D7BAE8A27FB82E400981E92 /* ExampleTableViewCell.swift */ = {isa = PBXFileReference; lastKnownFileType = sourcecode.swift; path = ExampleTableViewCell.swift; sourceTree = "<group>"; };
		2D7BAE8B27FB82E400981E92 /* ExampleTableViewCell.xib */ = {isa = PBXFileReference; lastKnownFileType = file.xib; path = ExampleTableViewCell.xib; sourceTree = "<group>"; };
		2D7BAE8E27FB852B00981E92 /* DealOfTheDayTableViewCell.swift */ = {isa = PBXFileReference; lastKnownFileType = sourcecode.swift; path = DealOfTheDayTableViewCell.swift; sourceTree = "<group>"; };
		2D7BAE8F27FB852B00981E92 /* DealOfTheDayTableViewCell.xib */ = {isa = PBXFileReference; lastKnownFileType = file.xib; path = DealOfTheDayTableViewCell.xib; sourceTree = "<group>"; };
		2D7BAE9227FB863F00981E92 /* CollectionTableViewCell.swift */ = {isa = PBXFileReference; lastKnownFileType = sourcecode.swift; path = CollectionTableViewCell.swift; sourceTree = "<group>"; };
		2D7BAE9327FB863F00981E92 /* CollectionTableViewCell.xib */ = {isa = PBXFileReference; lastKnownFileType = file.xib; path = CollectionTableViewCell.xib; sourceTree = "<group>"; };
		2D7BAE9627FB86C800981E92 /* MyCollectionViewCell.swift */ = {isa = PBXFileReference; lastKnownFileType = sourcecode.swift; path = MyCollectionViewCell.swift; sourceTree = "<group>"; };
		2D7BAE9727FB86C800981E92 /* MyCollectionViewCell.xib */ = {isa = PBXFileReference; lastKnownFileType = file.xib; path = MyCollectionViewCell.xib; sourceTree = "<group>"; };
		2D95551E2800E31C0032C719 /* PlaceOrderViewController.swift */ = {isa = PBXFileReference; lastKnownFileType = sourcecode.swift; path = PlaceOrderViewController.swift; sourceTree = "<group>"; };
		2DB24F5827FC98EF00F0ADA4 /* CartViewController.swift */ = {isa = PBXFileReference; lastKnownFileType = sourcecode.swift; path = CartViewController.swift; sourceTree = "<group>"; };
		2DB24F5A27FCA0BF00F0ADA4 /* ProceedToCheckoutTableViewCell.swift */ = {isa = PBXFileReference; lastKnownFileType = sourcecode.swift; path = ProceedToCheckoutTableViewCell.swift; sourceTree = "<group>"; };
		2DB24F5B27FCA0BF00F0ADA4 /* ProceedToCheckoutTableViewCell.xib */ = {isa = PBXFileReference; lastKnownFileType = file.xib; path = ProceedToCheckoutTableViewCell.xib; sourceTree = "<group>"; };
		2DB24F5E27FCA39700F0ADA4 /* PurchasedItemTableViewCell.swift */ = {isa = PBXFileReference; lastKnownFileType = sourcecode.swift; path = PurchasedItemTableViewCell.swift; sourceTree = "<group>"; };
		2DB24F5F27FCA39700F0ADA4 /* PurchasedItemTableViewCell.xib */ = {isa = PBXFileReference; lastKnownFileType = file.xib; path = PurchasedItemTableViewCell.xib; sourceTree = "<group>"; };
		2DC35DFC27FDD61900DEAFD1 /* ShopGroupAppDB.db */ = {isa = PBXFileReference; lastKnownFileType = file; path = ShopGroupAppDB.db; sourceTree = "<group>"; };
		2DC35DFE27FDE63200DEAFD1 /* TabBarViewController.swift */ = {isa = PBXFileReference; lastKnownFileType = sourcecode.swift; path = TabBarViewController.swift; sourceTree = "<group>"; };
		3D3783E5280DB7CB006ADA90 /* GoogleService-Info.plist */ = {isa = PBXFileReference; fileEncoding = 4; lastKnownFileType = text.plist.xml; path = "GoogleService-Info.plist"; sourceTree = "<group>"; };
		3D3783E7280DC1E2006ADA90 /* SignUpViewController.swift */ = {isa = PBXFileReference; fileEncoding = 4; lastKnownFileType = sourcecode.swift; path = SignUpViewController.swift; sourceTree = "<group>"; };
		4C36F72C28076B1000F0C400 /* refundCellSelector.swift */ = {isa = PBXFileReference; lastKnownFileType = sourcecode.swift; path = refundCellSelector.swift; sourceTree = "<group>"; };
		4C36F72E28086B0C00F0C400 /* FeedbackViewController.swift */ = {isa = PBXFileReference; lastKnownFileType = sourcecode.swift; path = FeedbackViewController.swift; sourceTree = "<group>"; };
		4C36F7322809B66900F0C400 /* TrackerViewController.swift */ = {isa = PBXFileReference; lastKnownFileType = sourcecode.swift; path = TrackerViewController.swift; sourceTree = "<group>"; };
		4C36F7362809B6FE00F0C400 /* MapDefaultViewController.swift */ = {isa = PBXFileReference; lastKnownFileType = sourcecode.swift; path = MapDefaultViewController.swift; sourceTree = "<group>"; };
		4C36F738280C982C00F0C400 /* WishlistViewController.swift */ = {isa = PBXFileReference; lastKnownFileType = sourcecode.swift; path = WishlistViewController.swift; sourceTree = "<group>"; };
		4C36F73A280C9F7E00F0C400 /* WishlistTableViewCell.swift */ = {isa = PBXFileReference; lastKnownFileType = sourcecode.swift; path = WishlistTableViewCell.swift; sourceTree = "<group>"; };
		4C36F73C280CB17C00F0C400 /* HistoryTableViewCell.swift */ = {isa = PBXFileReference; lastKnownFileType = sourcecode.swift; path = HistoryTableViewCell.swift; sourceTree = "<group>"; };
		4C36F73E280CB18A00F0C400 /* HistoryViewController.swift */ = {isa = PBXFileReference; lastKnownFileType = sourcecode.swift; path = HistoryViewController.swift; sourceTree = "<group>"; };
		4C36F740280CD70D00F0C400 /* Styles.swift */ = {isa = PBXFileReference; lastKnownFileType = sourcecode.swift; path = Styles.swift; sourceTree = "<group>"; };
		4CA585F227FDECF300BDBF63 /* User.swift */ = {isa = PBXFileReference; lastKnownFileType = sourcecode.swift; path = User.swift; sourceTree = "<group>"; };
		4CA585F627FF417F00BDBF63 /* LoginScreen.swift */ = {isa = PBXFileReference; fileEncoding = 4; lastKnownFileType = sourcecode.swift; path = LoginScreen.swift; sourceTree = "<group>"; };
		4CA585FB27FF496F00BDBF63 /* Validation.swift */ = {isa = PBXFileReference; fileEncoding = 4; lastKnownFileType = sourcecode.swift; path = Validation.swift; sourceTree = "<group>"; };
		4CA585FD27FF4B6200BDBF63 /* Navigation.swift */ = {isa = PBXFileReference; lastKnownFileType = sourcecode.swift; path = Navigation.swift; sourceTree = "<group>"; };
		4CA585FF28009CAF00BDBF63 /* ProfileViewController.swift */ = {isa = PBXFileReference; lastKnownFileType = sourcecode.swift; path = ProfileViewController.swift; sourceTree = "<group>"; };
		4CA586012800A13E00BDBF63 /* profileUserOrderCollectionViewCell.swift */ = {isa = PBXFileReference; lastKnownFileType = sourcecode.swift; path = profileUserOrderCollectionViewCell.swift; sourceTree = "<group>"; };
		4CA586062804C49B00BDBF63 /* RefundViewController.swift */ = {isa = PBXFileReference; lastKnownFileType = sourcecode.swift; path = RefundViewController.swift; sourceTree = "<group>"; };
		4CA586082806135300BDBF63 /* RefundTableViewCell.swift */ = {isa = PBXFileReference; lastKnownFileType = sourcecode.swift; path = RefundTableViewCell.swift; sourceTree = "<group>"; };
		4CB7E7A627FB38F000D8DAF2 /* ShopProjectApp.app */ = {isa = PBXFileReference; explicitFileType = wrapper.application; includeInIndex = 0; path = ShopProjectApp.app; sourceTree = BUILT_PRODUCTS_DIR; };
		4CB7E7A927FB38F000D8DAF2 /* AppDelegate.swift */ = {isa = PBXFileReference; lastKnownFileType = sourcecode.swift; path = AppDelegate.swift; sourceTree = "<group>"; };
		4CB7E7AB27FB38F000D8DAF2 /* SceneDelegate.swift */ = {isa = PBXFileReference; lastKnownFileType = sourcecode.swift; path = SceneDelegate.swift; sourceTree = "<group>"; };
		4CB7E7AD27FB38F000D8DAF2 /* ViewController.swift */ = {isa = PBXFileReference; lastKnownFileType = sourcecode.swift; path = ViewController.swift; sourceTree = "<group>"; };
		4CB7E7B027FB38F000D8DAF2 /* Base */ = {isa = PBXFileReference; lastKnownFileType = file.storyboard; name = Base; path = Base.lproj/Main.storyboard; sourceTree = "<group>"; };
		4CB7E7B227FB38F100D8DAF2 /* Assets.xcassets */ = {isa = PBXFileReference; lastKnownFileType = folder.assetcatalog; path = Assets.xcassets; sourceTree = "<group>"; };
		4CB7E7B527FB38F100D8DAF2 /* Base */ = {isa = PBXFileReference; lastKnownFileType = file.storyboard; name = Base; path = Base.lproj/LaunchScreen.storyboard; sourceTree = "<group>"; };
		4CB7E7B727FB38F100D8DAF2 /* Info.plist */ = {isa = PBXFileReference; lastKnownFileType = text.plist.xml; path = Info.plist; sourceTree = "<group>"; };
		4CB7E7BC27FB38F100D8DAF2 /* ShopProjectAppTests.xctest */ = {isa = PBXFileReference; explicitFileType = wrapper.cfbundle; includeInIndex = 0; path = ShopProjectAppTests.xctest; sourceTree = BUILT_PRODUCTS_DIR; };
		4CB7E7C027FB38F100D8DAF2 /* ShopProjectAppTests.swift */ = {isa = PBXFileReference; lastKnownFileType = sourcecode.swift; path = ShopProjectAppTests.swift; sourceTree = "<group>"; };
		4CB7E7C627FB38F100D8DAF2 /* ShopProjectAppUITests.xctest */ = {isa = PBXFileReference; explicitFileType = wrapper.cfbundle; includeInIndex = 0; path = ShopProjectAppUITests.xctest; sourceTree = BUILT_PRODUCTS_DIR; };
		4CB7E7CA27FB38F100D8DAF2 /* ShopProjectAppUITests.swift */ = {isa = PBXFileReference; lastKnownFileType = sourcecode.swift; path = ShopProjectAppUITests.swift; sourceTree = "<group>"; };
		4CB7E7CC27FB38F100D8DAF2 /* ShopProjectAppUITestsLaunchTests.swift */ = {isa = PBXFileReference; lastKnownFileType = sourcecode.swift; path = ShopProjectAppUITestsLaunchTests.swift; sourceTree = "<group>"; };
		4CB7E7DB27FB444600D8DAF2 /* DBHelper.swift */ = {isa = PBXFileReference; lastKnownFileType = sourcecode.swift; path = DBHelper.swift; sourceTree = "<group>"; };
		4CB7E7DE27FB6D0100D8DAF2 /* Suggested.swift */ = {isa = PBXFileReference; lastKnownFileType = sourcecode.swift; path = Suggested.swift; sourceTree = "<group>"; };
		4CB7E7E227FB90B700D8DAF2 /* Items.swift */ = {isa = PBXFileReference; lastKnownFileType = sourcecode.swift; path = Items.swift; sourceTree = "<group>"; };
		4CB7E7E627FC9CD100D8DAF2 /* UserOrder.swift */ = {isa = PBXFileReference; lastKnownFileType = sourcecode.swift; path = UserOrder.swift; sourceTree = "<group>"; };
		4CB7E7EF27FCCD5D00D8DAF2 /* displayItemViewController.swift */ = {isa = PBXFileReference; lastKnownFileType = sourcecode.swift; path = displayItemViewController.swift; sourceTree = "<group>"; };
		4CB7E7F127FCCE4B00D8DAF2 /* SuggestedItemCollectionViewCell.swift */ = {isa = PBXFileReference; lastKnownFileType = sourcecode.swift; path = SuggestedItemCollectionViewCell.swift; sourceTree = "<group>"; };
		4CB7E7F327FCE23B00D8DAF2 /* GlobalVariables.swift */ = {isa = PBXFileReference; lastKnownFileType = sourcecode.swift; path = GlobalVariables.swift; sourceTree = "<group>"; };
		72D2DE689078D77FBF22D20C /* Pods-ShopProjectAppTests.debug.xcconfig */ = {isa = PBXFileReference; includeInIndex = 1; lastKnownFileType = text.xcconfig; name = "Pods-ShopProjectAppTests.debug.xcconfig"; path = "Target Support Files/Pods-ShopProjectAppTests/Pods-ShopProjectAppTests.debug.xcconfig"; sourceTree = "<group>"; };
		7EC31CBDA235E89B3CCF32E8 /* Pods-ShopProjectApp-ShopProjectAppUITests.release.xcconfig */ = {isa = PBXFileReference; includeInIndex = 1; lastKnownFileType = text.xcconfig; name = "Pods-ShopProjectApp-ShopProjectAppUITests.release.xcconfig"; path = "Target Support Files/Pods-ShopProjectApp-ShopProjectAppUITests/Pods-ShopProjectApp-ShopProjectAppUITests.release.xcconfig"; sourceTree = "<group>"; };
		9C157A4DBF55160E10F9B54C /* Pods_ShopProjectApp.framework */ = {isa = PBXFileReference; explicitFileType = wrapper.framework; includeInIndex = 0; path = Pods_ShopProjectApp.framework; sourceTree = BUILT_PRODUCTS_DIR; };
		B7BC53C2A67CE319F0696665 /* Pods-ShopProjectApp.debug.xcconfig */ = {isa = PBXFileReference; includeInIndex = 1; lastKnownFileType = text.xcconfig; name = "Pods-ShopProjectApp.debug.xcconfig"; path = "Target Support Files/Pods-ShopProjectApp/Pods-ShopProjectApp.debug.xcconfig"; sourceTree = "<group>"; };
		BDF5A90D7983CF05DE80123B /* Pods-ShopProjectApp.release.xcconfig */ = {isa = PBXFileReference; includeInIndex = 1; lastKnownFileType = text.xcconfig; name = "Pods-ShopProjectApp.release.xcconfig"; path = "Target Support Files/Pods-ShopProjectApp/Pods-ShopProjectApp.release.xcconfig"; sourceTree = "<group>"; };
		C20F456D352D754FA731BBE7 /* Pods_ShopProjectAppTests.framework */ = {isa = PBXFileReference; explicitFileType = wrapper.framework; includeInIndex = 0; path = Pods_ShopProjectAppTests.framework; sourceTree = BUILT_PRODUCTS_DIR; };
		CE5B6F4678B57CE85CF3BFCE /* Pods-ShopProjectApp-ShopProjectAppUITests.debug.xcconfig */ = {isa = PBXFileReference; includeInIndex = 1; lastKnownFileType = text.xcconfig; name = "Pods-ShopProjectApp-ShopProjectAppUITests.debug.xcconfig"; path = "Target Support Files/Pods-ShopProjectApp-ShopProjectAppUITests/Pods-ShopProjectApp-ShopProjectAppUITests.debug.xcconfig"; sourceTree = "<group>"; };
/* End PBXFileReference section */

/* Begin PBXFrameworksBuildPhase section */
		4CB7E7A327FB38F000D8DAF2 /* Frameworks */ = {
			isa = PBXFrameworksBuildPhase;
			buildActionMask = 2147483647;
			files = (
				4896D4943F04427BACC3566A /* Pods_ShopProjectApp.framework in Frameworks */,
			);
			runOnlyForDeploymentPostprocessing = 0;
		};
		4CB7E7B927FB38F100D8DAF2 /* Frameworks */ = {
			isa = PBXFrameworksBuildPhase;
			buildActionMask = 2147483647;
			files = (
				58FE9B5BCAA9A75B6C18B650 /* Pods_ShopProjectAppTests.framework in Frameworks */,
			);
			runOnlyForDeploymentPostprocessing = 0;
		};
		4CB7E7C327FB38F100D8DAF2 /* Frameworks */ = {
			isa = PBXFrameworksBuildPhase;
			buildActionMask = 2147483647;
			files = (
				6B24394FDDD063B1BD1D5A50 /* Pods_ShopProjectApp_ShopProjectAppUITests.framework in Frameworks */,
			);
			runOnlyForDeploymentPostprocessing = 0;
		};
/* End PBXFrameworksBuildPhase section */

/* Begin PBXGroup section */
		2D7BAE8327FB802B00981E92 /* Views */ = {
			isa = PBXGroup;
			children = (
				2D7BAE8B27FB82E400981E92 /* ExampleTableViewCell.xib */,
				2D7BAE8F27FB852B00981E92 /* DealOfTheDayTableViewCell.xib */,
				2D7BAE9327FB863F00981E92 /* CollectionTableViewCell.xib */,
				2D7BAE9727FB86C800981E92 /* MyCollectionViewCell.xib */,
				2DB24F5B27FCA0BF00F0ADA4 /* ProceedToCheckoutTableViewCell.xib */,
				2DB24F5F27FCA39700F0ADA4 /* PurchasedItemTableViewCell.xib */,
				4CB7E7AF27FB38F000D8DAF2 /* Main.storyboard */,
				4CB7E7B427FB38F100D8DAF2 /* LaunchScreen.storyboard */,
			);
			path = Views;
			sourceTree = "<group>";
		};
		2D7BAE8427FB803700981E92 /* Controllers */ = {
			isa = PBXGroup;
			children = (
				4CA585F627FF417F00BDBF63 /* LoginScreen.swift */,
				4CB7E7AD27FB38F000D8DAF2 /* ViewController.swift */,
				2D7BAE8827FB82B700981E92 /* SearchBarViewController.swift */,
				2DC35DFE27FDE63200DEAFD1 /* TabBarViewController.swift */,
				2D7BAE8A27FB82E400981E92 /* ExampleTableViewCell.swift */,
				2D7BAE8E27FB852B00981E92 /* DealOfTheDayTableViewCell.swift */,
				2D7BAE9227FB863F00981E92 /* CollectionTableViewCell.swift */,
				2D7BAE9627FB86C800981E92 /* MyCollectionViewCell.swift */,
				2DB24F5827FC98EF00F0ADA4 /* CartViewController.swift */,
				2DB24F5A27FCA0BF00F0ADA4 /* ProceedToCheckoutTableViewCell.swift */,
				2DB24F5E27FCA39700F0ADA4 /* PurchasedItemTableViewCell.swift */,
				2D95551E2800E31C0032C719 /* PlaceOrderViewController.swift */,
				4CB7E7EF27FCCD5D00D8DAF2 /* displayItemViewController.swift */,
				4CB7E7F127FCCE4B00D8DAF2 /* SuggestedItemCollectionViewCell.swift */,
				4CA585FF28009CAF00BDBF63 /* ProfileViewController.swift */,
				4CA586012800A13E00BDBF63 /* profileUserOrderCollectionViewCell.swift */,
				4CA586062804C49B00BDBF63 /* RefundViewController.swift */,
				4CA586082806135300BDBF63 /* RefundTableViewCell.swift */,
				4C36F72E28086B0C00F0C400 /* FeedbackViewController.swift */,
				4C36F7322809B66900F0C400 /* TrackerViewController.swift */,
				4C36F7362809B6FE00F0C400 /* MapDefaultViewController.swift */,
				4C36F738280C982C00F0C400 /* WishlistViewController.swift */,
				4C36F73A280C9F7E00F0C400 /* WishlistTableViewCell.swift */,
				4C36F73E280CB18A00F0C400 /* HistoryViewController.swift */,
				4C36F73C280CB17C00F0C400 /* HistoryTableViewCell.swift */,
				3D3783E7280DC1E2006ADA90 /* SignUpViewController.swift */,
			);
			path = Controllers;
			sourceTree = "<group>";
		};
		4CA585FA27FF496100BDBF63 /* Utilities */ = {
			isa = PBXGroup;
			children = (
				4CA585FB27FF496F00BDBF63 /* Validation.swift */,
				4CA585FD27FF4B6200BDBF63 /* Navigation.swift */,
				4C36F740280CD70D00F0C400 /* Styles.swift */,
			);
			path = Utilities;
			sourceTree = "<group>";
		};
		4CB7E79D27FB38F000D8DAF2 = {
			isa = PBXGroup;
			children = (
				4CB7E7A827FB38F000D8DAF2 /* ShopProjectApp */,
				4CB7E7BF27FB38F100D8DAF2 /* ShopProjectAppTests */,
				4CB7E7C927FB38F100D8DAF2 /* ShopProjectAppUITests */,
				4CB7E7A727FB38F000D8DAF2 /* Products */,
				9297AEEC00D4C711C86FE032 /* Pods */,
				F903E49754CD34A2B76C0D72 /* Frameworks */,
			);
			sourceTree = "<group>";
		};
		4CB7E7A727FB38F000D8DAF2 /* Products */ = {
			isa = PBXGroup;
			children = (
				4CB7E7A627FB38F000D8DAF2 /* ShopProjectApp.app */,
				4CB7E7BC27FB38F100D8DAF2 /* ShopProjectAppTests.xctest */,
				4CB7E7C627FB38F100D8DAF2 /* ShopProjectAppUITests.xctest */,
			);
			name = Products;
			sourceTree = "<group>";
		};
		4CB7E7A827FB38F000D8DAF2 /* ShopProjectApp */ = {
			isa = PBXGroup;
			children = (
				4CA585FA27FF496100BDBF63 /* Utilities */,
				4CB7E7D927FB442F00D8DAF2 /* Model */,
				2D7BAE8427FB803700981E92 /* Controllers */,
				2D7BAE8327FB802B00981E92 /* Views */,
				4CB7E7A927FB38F000D8DAF2 /* AppDelegate.swift */,
				4CB7E7AB27FB38F000D8DAF2 /* SceneDelegate.swift */,
				4CB7E7B227FB38F100D8DAF2 /* Assets.xcassets */,
				4CB7E7B727FB38F100D8DAF2 /* Info.plist */,
				3D3783E5280DB7CB006ADA90 /* GoogleService-Info.plist */,
				2DC35DFC27FDD61900DEAFD1 /* ShopGroupAppDB.db */,
			);
			path = ShopProjectApp;
			sourceTree = "<group>";
		};
		4CB7E7BF27FB38F100D8DAF2 /* ShopProjectAppTests */ = {
			isa = PBXGroup;
			children = (
				4CB7E7C027FB38F100D8DAF2 /* ShopProjectAppTests.swift */,
			);
			path = ShopProjectAppTests;
			sourceTree = "<group>";
		};
		4CB7E7C927FB38F100D8DAF2 /* ShopProjectAppUITests */ = {
			isa = PBXGroup;
			children = (
				4CB7E7CA27FB38F100D8DAF2 /* ShopProjectAppUITests.swift */,
				4CB7E7CC27FB38F100D8DAF2 /* ShopProjectAppUITestsLaunchTests.swift */,
			);
			path = ShopProjectAppUITests;
			sourceTree = "<group>";
		};
		4CB7E7D927FB442F00D8DAF2 /* Model */ = {
			isa = PBXGroup;
			children = (
				4CB7E7DE27FB6D0100D8DAF2 /* Suggested.swift */,
				4CB7E7DB27FB444600D8DAF2 /* DBHelper.swift */,
				4CB7E7E227FB90B700D8DAF2 /* Items.swift */,
				2D7BAE8527FB821700981E92 /* DataFetcher.swift */,
				4CB7E7E627FC9CD100D8DAF2 /* UserOrder.swift */,
				4CB7E7F327FCE23B00D8DAF2 /* GlobalVariables.swift */,
				4CA585F227FDECF300BDBF63 /* User.swift */,
				4C36F72C28076B1000F0C400 /* refundCellSelector.swift */,
			);
			path = Model;
			sourceTree = "<group>";
		};
		9297AEEC00D4C711C86FE032 /* Pods */ = {
			isa = PBXGroup;
			children = (
				B7BC53C2A67CE319F0696665 /* Pods-ShopProjectApp.debug.xcconfig */,
				BDF5A90D7983CF05DE80123B /* Pods-ShopProjectApp.release.xcconfig */,
				CE5B6F4678B57CE85CF3BFCE /* Pods-ShopProjectApp-ShopProjectAppUITests.debug.xcconfig */,
				7EC31CBDA235E89B3CCF32E8 /* Pods-ShopProjectApp-ShopProjectAppUITests.release.xcconfig */,
				72D2DE689078D77FBF22D20C /* Pods-ShopProjectAppTests.debug.xcconfig */,
				139A1CDEAA6AA8CAD0C64238 /* Pods-ShopProjectAppTests.release.xcconfig */,
			);
			path = Pods;
			sourceTree = "<group>";
		};
		F903E49754CD34A2B76C0D72 /* Frameworks */ = {
			isa = PBXGroup;
			children = (
				9C157A4DBF55160E10F9B54C /* Pods_ShopProjectApp.framework */,
				257CDBF2516B2ED9A95FE9BA /* Pods_ShopProjectApp_ShopProjectAppUITests.framework */,
				C20F456D352D754FA731BBE7 /* Pods_ShopProjectAppTests.framework */,
			);
			name = Frameworks;
			sourceTree = "<group>";
		};
/* End PBXGroup section */

/* Begin PBXNativeTarget section */
		4CB7E7A527FB38F000D8DAF2 /* ShopProjectApp */ = {
			isa = PBXNativeTarget;
			buildConfigurationList = 4CB7E7D027FB38F100D8DAF2 /* Build configuration list for PBXNativeTarget "ShopProjectApp" */;
			buildPhases = (
				AAAB8A3DC68551EC6FCA0063 /* [CP] Check Pods Manifest.lock */,
				4CB7E7A227FB38F000D8DAF2 /* Sources */,
				4CB7E7A327FB38F000D8DAF2 /* Frameworks */,
				4CB7E7A427FB38F000D8DAF2 /* Resources */,
				D091CEC5DB4523E9D22E7C14 /* [CP] Embed Pods Frameworks */,
			);
			buildRules = (
			);
			dependencies = (
			);
			name = ShopProjectApp;
			productName = ShopProjectApp;
			productReference = 4CB7E7A627FB38F000D8DAF2 /* ShopProjectApp.app */;
			productType = "com.apple.product-type.application";
		};
		4CB7E7BB27FB38F100D8DAF2 /* ShopProjectAppTests */ = {
			isa = PBXNativeTarget;
			buildConfigurationList = 4CB7E7D327FB38F100D8DAF2 /* Build configuration list for PBXNativeTarget "ShopProjectAppTests" */;
			buildPhases = (
				E368D64FED16DE2195CD7DB6 /* [CP] Check Pods Manifest.lock */,
				4CB7E7B827FB38F100D8DAF2 /* Sources */,
				4CB7E7B927FB38F100D8DAF2 /* Frameworks */,
				4CB7E7BA27FB38F100D8DAF2 /* Resources */,
			);
			buildRules = (
			);
			dependencies = (
				4CB7E7BE27FB38F100D8DAF2 /* PBXTargetDependency */,
			);
			name = ShopProjectAppTests;
			productName = ShopProjectAppTests;
			productReference = 4CB7E7BC27FB38F100D8DAF2 /* ShopProjectAppTests.xctest */;
			productType = "com.apple.product-type.bundle.unit-test";
		};
		4CB7E7C527FB38F100D8DAF2 /* ShopProjectAppUITests */ = {
			isa = PBXNativeTarget;
			buildConfigurationList = 4CB7E7D627FB38F100D8DAF2 /* Build configuration list for PBXNativeTarget "ShopProjectAppUITests" */;
			buildPhases = (
				795D0808A7FDF63F8677DE44 /* [CP] Check Pods Manifest.lock */,
				4CB7E7C227FB38F100D8DAF2 /* Sources */,
				4CB7E7C327FB38F100D8DAF2 /* Frameworks */,
				4CB7E7C427FB38F100D8DAF2 /* Resources */,
				9272E21935F12157BB258E45 /* [CP] Embed Pods Frameworks */,
			);
			buildRules = (
			);
			dependencies = (
				4CB7E7C827FB38F100D8DAF2 /* PBXTargetDependency */,
			);
			name = ShopProjectAppUITests;
			productName = ShopProjectAppUITests;
			productReference = 4CB7E7C627FB38F100D8DAF2 /* ShopProjectAppUITests.xctest */;
			productType = "com.apple.product-type.bundle.ui-testing";
		};
/* End PBXNativeTarget section */

/* Begin PBXProject section */
		4CB7E79E27FB38F000D8DAF2 /* Project object */ = {
			isa = PBXProject;
			attributes = {
				BuildIndependentTargetsInParallel = 1;
				LastSwiftUpdateCheck = 1330;
				LastUpgradeCheck = 1330;
				TargetAttributes = {
					4CB7E7A527FB38F000D8DAF2 = {
						CreatedOnToolsVersion = 13.3;
					};
					4CB7E7BB27FB38F100D8DAF2 = {
						CreatedOnToolsVersion = 13.3;
						TestTargetID = 4CB7E7A527FB38F000D8DAF2;
					};
					4CB7E7C527FB38F100D8DAF2 = {
						CreatedOnToolsVersion = 13.3;
						TestTargetID = 4CB7E7A527FB38F000D8DAF2;
					};
				};
			};
			buildConfigurationList = 4CB7E7A127FB38F000D8DAF2 /* Build configuration list for PBXProject "ShopProjectApp" */;
			compatibilityVersion = "Xcode 13.0";
			developmentRegion = en;
			hasScannedForEncodings = 0;
			knownRegions = (
				en,
				Base,
			);
			mainGroup = 4CB7E79D27FB38F000D8DAF2;
			productRefGroup = 4CB7E7A727FB38F000D8DAF2 /* Products */;
			projectDirPath = "";
			projectRoot = "";
			targets = (
				4CB7E7A527FB38F000D8DAF2 /* ShopProjectApp */,
				4CB7E7BB27FB38F100D8DAF2 /* ShopProjectAppTests */,
				4CB7E7C527FB38F100D8DAF2 /* ShopProjectAppUITests */,
			);
		};
/* End PBXProject section */

/* Begin PBXResourcesBuildPhase section */
		4CB7E7A427FB38F000D8DAF2 /* Resources */ = {
			isa = PBXResourcesBuildPhase;
			buildActionMask = 2147483647;
			files = (
				2D7BAE8D27FB82E400981E92 /* ExampleTableViewCell.xib in Resources */,
				2DC35DFD27FDD61900DEAFD1 /* ShopGroupAppDB.db in Resources */,
				2D7BAE9927FB86C800981E92 /* MyCollectionViewCell.xib in Resources */,
				2D7BAE9527FB863F00981E92 /* CollectionTableViewCell.xib in Resources */,
				4CB7E7B627FB38F100D8DAF2 /* LaunchScreen.storyboard in Resources */,
				4CB7E7B327FB38F100D8DAF2 /* Assets.xcassets in Resources */,
				2DB24F6127FCA39700F0ADA4 /* PurchasedItemTableViewCell.xib in Resources */,
				2DB24F5D27FCA0BF00F0ADA4 /* ProceedToCheckoutTableViewCell.xib in Resources */,
				3D3783E6280DB7CB006ADA90 /* GoogleService-Info.plist in Resources */,
				4CB7E7B127FB38F000D8DAF2 /* Main.storyboard in Resources */,
				2D7BAE9127FB852B00981E92 /* DealOfTheDayTableViewCell.xib in Resources */,
			);
			runOnlyForDeploymentPostprocessing = 0;
		};
		4CB7E7BA27FB38F100D8DAF2 /* Resources */ = {
			isa = PBXResourcesBuildPhase;
			buildActionMask = 2147483647;
			files = (
			);
			runOnlyForDeploymentPostprocessing = 0;
		};
		4CB7E7C427FB38F100D8DAF2 /* Resources */ = {
			isa = PBXResourcesBuildPhase;
			buildActionMask = 2147483647;
			files = (
			);
			runOnlyForDeploymentPostprocessing = 0;
		};
/* End PBXResourcesBuildPhase section */

/* Begin PBXShellScriptBuildPhase section */
		795D0808A7FDF63F8677DE44 /* [CP] Check Pods Manifest.lock */ = {
			isa = PBXShellScriptBuildPhase;
			buildActionMask = 2147483647;
			files = (
			);
			inputFileListPaths = (
			);
			inputPaths = (
				"${PODS_PODFILE_DIR_PATH}/Podfile.lock",
				"${PODS_ROOT}/Manifest.lock",
			);
			name = "[CP] Check Pods Manifest.lock";
			outputFileListPaths = (
			);
			outputPaths = (
				"$(DERIVED_FILE_DIR)/Pods-ShopProjectApp-ShopProjectAppUITests-checkManifestLockResult.txt",
			);
			runOnlyForDeploymentPostprocessing = 0;
			shellPath = /bin/sh;
			shellScript = "diff \"${PODS_PODFILE_DIR_PATH}/Podfile.lock\" \"${PODS_ROOT}/Manifest.lock\" > /dev/null\nif [ $? != 0 ] ; then\n    # print error to STDERR\n    echo \"error: The sandbox is not in sync with the Podfile.lock. Run 'pod install' or update your CocoaPods installation.\" >&2\n    exit 1\nfi\n# This output is used by Xcode 'outputs' to avoid re-running this script phase.\necho \"SUCCESS\" > \"${SCRIPT_OUTPUT_FILE_0}\"\n";
			showEnvVarsInLog = 0;
		};
		9272E21935F12157BB258E45 /* [CP] Embed Pods Frameworks */ = {
			isa = PBXShellScriptBuildPhase;
			buildActionMask = 2147483647;
			files = (
			);
			inputFileListPaths = (
				"${PODS_ROOT}/Target Support Files/Pods-ShopProjectApp-ShopProjectAppUITests/Pods-ShopProjectApp-ShopProjectAppUITests-frameworks-${CONFIGURATION}-input-files.xcfilelist",
			);
			name = "[CP] Embed Pods Frameworks";
			outputFileListPaths = (
				"${PODS_ROOT}/Target Support Files/Pods-ShopProjectApp-ShopProjectAppUITests/Pods-ShopProjectApp-ShopProjectAppUITests-frameworks-${CONFIGURATION}-output-files.xcfilelist",
			);
			runOnlyForDeploymentPostprocessing = 0;
			shellPath = /bin/sh;
			shellScript = "\"${PODS_ROOT}/Target Support Files/Pods-ShopProjectApp-ShopProjectAppUITests/Pods-ShopProjectApp-ShopProjectAppUITests-frameworks.sh\"\n";
			showEnvVarsInLog = 0;
		};
		AAAB8A3DC68551EC6FCA0063 /* [CP] Check Pods Manifest.lock */ = {
			isa = PBXShellScriptBuildPhase;
			buildActionMask = 2147483647;
			files = (
			);
			inputFileListPaths = (
			);
			inputPaths = (
				"${PODS_PODFILE_DIR_PATH}/Podfile.lock",
				"${PODS_ROOT}/Manifest.lock",
			);
			name = "[CP] Check Pods Manifest.lock";
			outputFileListPaths = (
			);
			outputPaths = (
				"$(DERIVED_FILE_DIR)/Pods-ShopProjectApp-checkManifestLockResult.txt",
			);
			runOnlyForDeploymentPostprocessing = 0;
			shellPath = /bin/sh;
			shellScript = "diff \"${PODS_PODFILE_DIR_PATH}/Podfile.lock\" \"${PODS_ROOT}/Manifest.lock\" > /dev/null\nif [ $? != 0 ] ; then\n    # print error to STDERR\n    echo \"error: The sandbox is not in sync with the Podfile.lock. Run 'pod install' or update your CocoaPods installation.\" >&2\n    exit 1\nfi\n# This output is used by Xcode 'outputs' to avoid re-running this script phase.\necho \"SUCCESS\" > \"${SCRIPT_OUTPUT_FILE_0}\"\n";
			showEnvVarsInLog = 0;
		};
		D091CEC5DB4523E9D22E7C14 /* [CP] Embed Pods Frameworks */ = {
			isa = PBXShellScriptBuildPhase;
			buildActionMask = 2147483647;
			files = (
			);
			inputFileListPaths = (
				"${PODS_ROOT}/Target Support Files/Pods-ShopProjectApp/Pods-ShopProjectApp-frameworks-${CONFIGURATION}-input-files.xcfilelist",
			);
			name = "[CP] Embed Pods Frameworks";
			outputFileListPaths = (
				"${PODS_ROOT}/Target Support Files/Pods-ShopProjectApp/Pods-ShopProjectApp-frameworks-${CONFIGURATION}-output-files.xcfilelist",
			);
			runOnlyForDeploymentPostprocessing = 0;
			shellPath = /bin/sh;
			shellScript = "\"${PODS_ROOT}/Target Support Files/Pods-ShopProjectApp/Pods-ShopProjectApp-frameworks.sh\"\n";
			showEnvVarsInLog = 0;
		};
		E368D64FED16DE2195CD7DB6 /* [CP] Check Pods Manifest.lock */ = {
			isa = PBXShellScriptBuildPhase;
			buildActionMask = 2147483647;
			files = (
			);
			inputFileListPaths = (
			);
			inputPaths = (
				"${PODS_PODFILE_DIR_PATH}/Podfile.lock",
				"${PODS_ROOT}/Manifest.lock",
			);
			name = "[CP] Check Pods Manifest.lock";
			outputFileListPaths = (
			);
			outputPaths = (
				"$(DERIVED_FILE_DIR)/Pods-ShopProjectAppTests-checkManifestLockResult.txt",
			);
			runOnlyForDeploymentPostprocessing = 0;
			shellPath = /bin/sh;
			shellScript = "diff \"${PODS_PODFILE_DIR_PATH}/Podfile.lock\" \"${PODS_ROOT}/Manifest.lock\" > /dev/null\nif [ $? != 0 ] ; then\n    # print error to STDERR\n    echo \"error: The sandbox is not in sync with the Podfile.lock. Run 'pod install' or update your CocoaPods installation.\" >&2\n    exit 1\nfi\n# This output is used by Xcode 'outputs' to avoid re-running this script phase.\necho \"SUCCESS\" > \"${SCRIPT_OUTPUT_FILE_0}\"\n";
			showEnvVarsInLog = 0;
		};
/* End PBXShellScriptBuildPhase section */

/* Begin PBXSourcesBuildPhase section */
		4CB7E7A227FB38F000D8DAF2 /* Sources */ = {
			isa = PBXSourcesBuildPhase;
			buildActionMask = 2147483647;
			files = (
				4CA586022800A13E00BDBF63 /* profileUserOrderCollectionViewCell.swift in Sources */,
				4C36F7332809B66900F0C400 /* TrackerViewController.swift in Sources */,
				2D7BAE9B27FB8E4700981E92 /* DBHelper.swift in Sources */,
				2D95551F2800E31C0032C719 /* PlaceOrderViewController.swift in Sources */,
				4CB7E7AE27FB38F000D8DAF2 /* ViewController.swift in Sources */,
				2DB24F5927FC98EF00F0ADA4 /* CartViewController.swift in Sources */,
				4CA585FE27FF4B6200BDBF63 /* Navigation.swift in Sources */,
				2DB24F5C27FCA0BF00F0ADA4 /* ProceedToCheckoutTableViewCell.swift in Sources */,
				4C36F73F280CB18A00F0C400 /* HistoryViewController.swift in Sources */,
				2D7BAE8927FB82B700981E92 /* SearchBarViewController.swift in Sources */,
				2D7BAE9827FB86C800981E92 /* MyCollectionViewCell.swift in Sources */,
				4CB7E7E327FB90B700D8DAF2 /* Items.swift in Sources */,
				2D7BAE8C27FB82E400981E92 /* ExampleTableViewCell.swift in Sources */,
				4C36F741280CD70D00F0C400 /* Styles.swift in Sources */,
				2DC35DFF27FDE63200DEAFD1 /* TabBarViewController.swift in Sources */,
				4CA585F727FF417F00BDBF63 /* LoginScreen.swift in Sources */,
				2DB24F6027FCA39700F0ADA4 /* PurchasedItemTableViewCell.swift in Sources */,
				4C36F7372809B6FE00F0C400 /* MapDefaultViewController.swift in Sources */,
				4CB7E7DF27FB6D0100D8DAF2 /* Suggested.swift in Sources */,
				4CA585FC27FF496F00BDBF63 /* Validation.swift in Sources */,
				4C36F73D280CB17C00F0C400 /* HistoryTableViewCell.swift in Sources */,
				4CA586092806135300BDBF63 /* RefundTableViewCell.swift in Sources */,
				2D7BAE9A27FB880300981E92 /* DataFetcher.swift in Sources */,
				4C36F73B280C9F7E00F0C400 /* WishlistTableViewCell.swift in Sources */,
				3D3783E8280DC1E3006ADA90 /* SignUpViewController.swift in Sources */,
				4CB7E7AA27FB38F000D8DAF2 /* AppDelegate.swift in Sources */,
				4C36F739280C982C00F0C400 /* WishlistViewController.swift in Sources */,
				2D7BAE9027FB852B00981E92 /* DealOfTheDayTableViewCell.swift in Sources */,
				4CB7E7F427FCE23B00D8DAF2 /* GlobalVariables.swift in Sources */,
				4C36F72D28076B1000F0C400 /* refundCellSelector.swift in Sources */,
				4CB7E7AC27FB38F000D8DAF2 /* SceneDelegate.swift in Sources */,
				4CB7E7E727FC9CD100D8DAF2 /* UserOrder.swift in Sources */,
				4CB7E7F027FCCD5E00D8DAF2 /* displayItemViewController.swift in Sources */,
				4CB7E7F227FCCE4B00D8DAF2 /* SuggestedItemCollectionViewCell.swift in Sources */,
				4CA5860028009CAF00BDBF63 /* ProfileViewController.swift in Sources */,
				4C36F72F28086B0C00F0C400 /* FeedbackViewController.swift in Sources */,
				2D7BAE9427FB863F00981E92 /* CollectionTableViewCell.swift in Sources */,
				4CA586072804C49B00BDBF63 /* RefundViewController.swift in Sources */,
				4CA585F327FDECF300BDBF63 /* User.swift in Sources */,
			);
			runOnlyForDeploymentPostprocessing = 0;
		};
		4CB7E7B827FB38F100D8DAF2 /* Sources */ = {
			isa = PBXSourcesBuildPhase;
			buildActionMask = 2147483647;
			files = (
				4CB7E7C127FB38F100D8DAF2 /* ShopProjectAppTests.swift in Sources */,
			);
			runOnlyForDeploymentPostprocessing = 0;
		};
		4CB7E7C227FB38F100D8DAF2 /* Sources */ = {
			isa = PBXSourcesBuildPhase;
			buildActionMask = 2147483647;
			files = (
				4CB7E7CD27FB38F100D8DAF2 /* ShopProjectAppUITestsLaunchTests.swift in Sources */,
				4CB7E7CB27FB38F100D8DAF2 /* ShopProjectAppUITests.swift in Sources */,
			);
			runOnlyForDeploymentPostprocessing = 0;
		};
/* End PBXSourcesBuildPhase section */

/* Begin PBXTargetDependency section */
		4CB7E7BE27FB38F100D8DAF2 /* PBXTargetDependency */ = {
			isa = PBXTargetDependency;
			target = 4CB7E7A527FB38F000D8DAF2 /* ShopProjectApp */;
			targetProxy = 4CB7E7BD27FB38F100D8DAF2 /* PBXContainerItemProxy */;
		};
		4CB7E7C827FB38F100D8DAF2 /* PBXTargetDependency */ = {
			isa = PBXTargetDependency;
			target = 4CB7E7A527FB38F000D8DAF2 /* ShopProjectApp */;
			targetProxy = 4CB7E7C727FB38F100D8DAF2 /* PBXContainerItemProxy */;
		};
/* End PBXTargetDependency section */

/* Begin PBXVariantGroup section */
		4CB7E7AF27FB38F000D8DAF2 /* Main.storyboard */ = {
			isa = PBXVariantGroup;
			children = (
				4CB7E7B027FB38F000D8DAF2 /* Base */,
			);
			name = Main.storyboard;
			sourceTree = "<group>";
		};
		4CB7E7B427FB38F100D8DAF2 /* LaunchScreen.storyboard */ = {
			isa = PBXVariantGroup;
			children = (
				4CB7E7B527FB38F100D8DAF2 /* Base */,
			);
			name = LaunchScreen.storyboard;
			sourceTree = "<group>";
		};
/* End PBXVariantGroup section */

/* Begin XCBuildConfiguration section */
		4CB7E7CE27FB38F100D8DAF2 /* Debug */ = {
			isa = XCBuildConfiguration;
			buildSettings = {
				ALWAYS_SEARCH_USER_PATHS = NO;
				CLANG_ANALYZER_NONNULL = YES;
				CLANG_ANALYZER_NUMBER_OBJECT_CONVERSION = YES_AGGRESSIVE;
				CLANG_CXX_LANGUAGE_STANDARD = "gnu++17";
				CLANG_ENABLE_MODULES = YES;
				CLANG_ENABLE_OBJC_ARC = YES;
				CLANG_ENABLE_OBJC_WEAK = YES;
				CLANG_WARN_BLOCK_CAPTURE_AUTORELEASING = YES;
				CLANG_WARN_BOOL_CONVERSION = YES;
				CLANG_WARN_COMMA = YES;
				CLANG_WARN_CONSTANT_CONVERSION = YES;
				CLANG_WARN_DEPRECATED_OBJC_IMPLEMENTATIONS = YES;
				CLANG_WARN_DIRECT_OBJC_ISA_USAGE = YES_ERROR;
				CLANG_WARN_DOCUMENTATION_COMMENTS = YES;
				CLANG_WARN_EMPTY_BODY = YES;
				CLANG_WARN_ENUM_CONVERSION = YES;
				CLANG_WARN_INFINITE_RECURSION = YES;
				CLANG_WARN_INT_CONVERSION = YES;
				CLANG_WARN_NON_LITERAL_NULL_CONVERSION = YES;
				CLANG_WARN_OBJC_IMPLICIT_RETAIN_SELF = YES;
				CLANG_WARN_OBJC_LITERAL_CONVERSION = YES;
				CLANG_WARN_OBJC_ROOT_CLASS = YES_ERROR;
				CLANG_WARN_QUOTED_INCLUDE_IN_FRAMEWORK_HEADER = YES;
				CLANG_WARN_RANGE_LOOP_ANALYSIS = YES;
				CLANG_WARN_STRICT_PROTOTYPES = YES;
				CLANG_WARN_SUSPICIOUS_MOVE = YES;
				CLANG_WARN_UNGUARDED_AVAILABILITY = YES_AGGRESSIVE;
				CLANG_WARN_UNREACHABLE_CODE = YES;
				CLANG_WARN__DUPLICATE_METHOD_MATCH = YES;
				COPY_PHASE_STRIP = NO;
				DEBUG_INFORMATION_FORMAT = dwarf;
				ENABLE_STRICT_OBJC_MSGSEND = YES;
				ENABLE_TESTABILITY = YES;
				GCC_C_LANGUAGE_STANDARD = gnu11;
				GCC_DYNAMIC_NO_PIC = NO;
				GCC_NO_COMMON_BLOCKS = YES;
				GCC_OPTIMIZATION_LEVEL = 0;
				GCC_PREPROCESSOR_DEFINITIONS = (
					"DEBUG=1",
					"$(inherited)",
				);
				GCC_WARN_64_TO_32_BIT_CONVERSION = YES;
				GCC_WARN_ABOUT_RETURN_TYPE = YES_ERROR;
				GCC_WARN_UNDECLARED_SELECTOR = YES;
				GCC_WARN_UNINITIALIZED_AUTOS = YES_AGGRESSIVE;
				GCC_WARN_UNUSED_FUNCTION = YES;
				GCC_WARN_UNUSED_VARIABLE = YES;
				IPHONEOS_DEPLOYMENT_TARGET = 15.4;
				MTL_ENABLE_DEBUG_INFO = INCLUDE_SOURCE;
				MTL_FAST_MATH = YES;
				ONLY_ACTIVE_ARCH = YES;
				SDKROOT = iphoneos;
				SWIFT_ACTIVE_COMPILATION_CONDITIONS = DEBUG;
				SWIFT_OPTIMIZATION_LEVEL = "-Onone";
			};
			name = Debug;
		};
		4CB7E7CF27FB38F100D8DAF2 /* Release */ = {
			isa = XCBuildConfiguration;
			buildSettings = {
				ALWAYS_SEARCH_USER_PATHS = NO;
				CLANG_ANALYZER_NONNULL = YES;
				CLANG_ANALYZER_NUMBER_OBJECT_CONVERSION = YES_AGGRESSIVE;
				CLANG_CXX_LANGUAGE_STANDARD = "gnu++17";
				CLANG_ENABLE_MODULES = YES;
				CLANG_ENABLE_OBJC_ARC = YES;
				CLANG_ENABLE_OBJC_WEAK = YES;
				CLANG_WARN_BLOCK_CAPTURE_AUTORELEASING = YES;
				CLANG_WARN_BOOL_CONVERSION = YES;
				CLANG_WARN_COMMA = YES;
				CLANG_WARN_CONSTANT_CONVERSION = YES;
				CLANG_WARN_DEPRECATED_OBJC_IMPLEMENTATIONS = YES;
				CLANG_WARN_DIRECT_OBJC_ISA_USAGE = YES_ERROR;
				CLANG_WARN_DOCUMENTATION_COMMENTS = YES;
				CLANG_WARN_EMPTY_BODY = YES;
				CLANG_WARN_ENUM_CONVERSION = YES;
				CLANG_WARN_INFINITE_RECURSION = YES;
				CLANG_WARN_INT_CONVERSION = YES;
				CLANG_WARN_NON_LITERAL_NULL_CONVERSION = YES;
				CLANG_WARN_OBJC_IMPLICIT_RETAIN_SELF = YES;
				CLANG_WARN_OBJC_LITERAL_CONVERSION = YES;
				CLANG_WARN_OBJC_ROOT_CLASS = YES_ERROR;
				CLANG_WARN_QUOTED_INCLUDE_IN_FRAMEWORK_HEADER = YES;
				CLANG_WARN_RANGE_LOOP_ANALYSIS = YES;
				CLANG_WARN_STRICT_PROTOTYPES = YES;
				CLANG_WARN_SUSPICIOUS_MOVE = YES;
				CLANG_WARN_UNGUARDED_AVAILABILITY = YES_AGGRESSIVE;
				CLANG_WARN_UNREACHABLE_CODE = YES;
				CLANG_WARN__DUPLICATE_METHOD_MATCH = YES;
				COPY_PHASE_STRIP = NO;
				DEBUG_INFORMATION_FORMAT = "dwarf-with-dsym";
				ENABLE_NS_ASSERTIONS = NO;
				ENABLE_STRICT_OBJC_MSGSEND = YES;
				GCC_C_LANGUAGE_STANDARD = gnu11;
				GCC_NO_COMMON_BLOCKS = YES;
				GCC_WARN_64_TO_32_BIT_CONVERSION = YES;
				GCC_WARN_ABOUT_RETURN_TYPE = YES_ERROR;
				GCC_WARN_UNDECLARED_SELECTOR = YES;
				GCC_WARN_UNINITIALIZED_AUTOS = YES_AGGRESSIVE;
				GCC_WARN_UNUSED_FUNCTION = YES;
				GCC_WARN_UNUSED_VARIABLE = YES;
				IPHONEOS_DEPLOYMENT_TARGET = 15.4;
				MTL_ENABLE_DEBUG_INFO = NO;
				MTL_FAST_MATH = YES;
				SDKROOT = iphoneos;
				SWIFT_COMPILATION_MODE = wholemodule;
				SWIFT_OPTIMIZATION_LEVEL = "-O";
				VALIDATE_PRODUCT = YES;
			};
			name = Release;
		};
		4CB7E7D127FB38F100D8DAF2 /* Debug */ = {
			isa = XCBuildConfiguration;
			baseConfigurationReference = B7BC53C2A67CE319F0696665 /* Pods-ShopProjectApp.debug.xcconfig */;
			buildSettings = {
				ASSETCATALOG_COMPILER_APPICON_NAME = AppIcon;
				ASSETCATALOG_COMPILER_GLOBAL_ACCENT_COLOR_NAME = AccentColor;
				CODE_SIGN_STYLE = Automatic;
				CURRENT_PROJECT_VERSION = 1;
				GENERATE_INFOPLIST_FILE = YES;
				INFOPLIST_FILE = ShopProjectApp/Info.plist;
				INFOPLIST_KEY_UIApplicationSupportsIndirectInputEvents = YES;
				INFOPLIST_KEY_UILaunchStoryboardName = LaunchScreen;
				INFOPLIST_KEY_UIMainStoryboardFile = Main;
				INFOPLIST_KEY_UISupportedInterfaceOrientations_iPad = "UIInterfaceOrientationPortrait UIInterfaceOrientationPortraitUpsideDown UIInterfaceOrientationLandscapeLeft UIInterfaceOrientationLandscapeRight";
				INFOPLIST_KEY_UISupportedInterfaceOrientations_iPhone = "UIInterfaceOrientationPortrait UIInterfaceOrientationLandscapeLeft UIInterfaceOrientationLandscapeRight";
				IPHONEOS_DEPLOYMENT_TARGET = 15.2;
				LD_RUNPATH_SEARCH_PATHS = (
					"$(inherited)",
					"@executable_path/Frameworks",
				);
				MARKETING_VERSION = 1.0;
				PRODUCT_BUNDLE_IDENTIFIER = com.Clarke.ShopProjectApp;
				PRODUCT_NAME = "$(TARGET_NAME)";
				SWIFT_EMIT_LOC_STRINGS = YES;
				SWIFT_VERSION = 5.0;
				TARGETED_DEVICE_FAMILY = "1,2";
			};
			name = Debug;
		};
		4CB7E7D227FB38F100D8DAF2 /* Release */ = {
			isa = XCBuildConfiguration;
			baseConfigurationReference = BDF5A90D7983CF05DE80123B /* Pods-ShopProjectApp.release.xcconfig */;
			buildSettings = {
				ASSETCATALOG_COMPILER_APPICON_NAME = AppIcon;
				ASSETCATALOG_COMPILER_GLOBAL_ACCENT_COLOR_NAME = AccentColor;
				CODE_SIGN_STYLE = Automatic;
				CURRENT_PROJECT_VERSION = 1;
				GENERATE_INFOPLIST_FILE = YES;
				INFOPLIST_FILE = ShopProjectApp/Info.plist;
				INFOPLIST_KEY_UIApplicationSupportsIndirectInputEvents = YES;
				INFOPLIST_KEY_UILaunchStoryboardName = LaunchScreen;
				INFOPLIST_KEY_UIMainStoryboardFile = Main;
				INFOPLIST_KEY_UISupportedInterfaceOrientations_iPad = "UIInterfaceOrientationPortrait UIInterfaceOrientationPortraitUpsideDown UIInterfaceOrientationLandscapeLeft UIInterfaceOrientationLandscapeRight";
				INFOPLIST_KEY_UISupportedInterfaceOrientations_iPhone = "UIInterfaceOrientationPortrait UIInterfaceOrientationLandscapeLeft UIInterfaceOrientationLandscapeRight";
				IPHONEOS_DEPLOYMENT_TARGET = 15.2;
				LD_RUNPATH_SEARCH_PATHS = (
					"$(inherited)",
					"@executable_path/Frameworks",
				);
				MARKETING_VERSION = 1.0;
				PRODUCT_BUNDLE_IDENTIFIER = com.Clarke.ShopProjectApp;
				PRODUCT_NAME = "$(TARGET_NAME)";
				SWIFT_EMIT_LOC_STRINGS = YES;
				SWIFT_VERSION = 5.0;
				TARGETED_DEVICE_FAMILY = "1,2";
			};
			name = Release;
		};
		4CB7E7D427FB38F100D8DAF2 /* Debug */ = {
			isa = XCBuildConfiguration;
			baseConfigurationReference = 72D2DE689078D77FBF22D20C /* Pods-ShopProjectAppTests.debug.xcconfig */;
			buildSettings = {
				ALWAYS_EMBED_SWIFT_STANDARD_LIBRARIES = YES;
				BUNDLE_LOADER = "$(TEST_HOST)";
				CODE_SIGN_STYLE = Automatic;
				CURRENT_PROJECT_VERSION = 1;
				GENERATE_INFOPLIST_FILE = YES;
				IPHONEOS_DEPLOYMENT_TARGET = 15.4;
				MARKETING_VERSION = 1.0;
				PRODUCT_BUNDLE_IDENTIFIER = Clarke.ShopProjectAppTests;
				PRODUCT_NAME = "$(TARGET_NAME)";
				SWIFT_EMIT_LOC_STRINGS = NO;
				SWIFT_VERSION = 5.0;
				TARGETED_DEVICE_FAMILY = "1,2";
				TEST_HOST = "$(BUILT_PRODUCTS_DIR)/ShopProjectApp.app/ShopProjectApp";
			};
			name = Debug;
		};
		4CB7E7D527FB38F100D8DAF2 /* Release */ = {
			isa = XCBuildConfiguration;
			baseConfigurationReference = 139A1CDEAA6AA8CAD0C64238 /* Pods-ShopProjectAppTests.release.xcconfig */;
			buildSettings = {
				ALWAYS_EMBED_SWIFT_STANDARD_LIBRARIES = YES;
				BUNDLE_LOADER = "$(TEST_HOST)";
				CODE_SIGN_STYLE = Automatic;
				CURRENT_PROJECT_VERSION = 1;
				GENERATE_INFOPLIST_FILE = YES;
				IPHONEOS_DEPLOYMENT_TARGET = 15.4;
				MARKETING_VERSION = 1.0;
				PRODUCT_BUNDLE_IDENTIFIER = Clarke.ShopProjectAppTests;
				PRODUCT_NAME = "$(TARGET_NAME)";
				SWIFT_EMIT_LOC_STRINGS = NO;
				SWIFT_VERSION = 5.0;
				TARGETED_DEVICE_FAMILY = "1,2";
				TEST_HOST = "$(BUILT_PRODUCTS_DIR)/ShopProjectApp.app/ShopProjectApp";
			};
			name = Release;
		};
		4CB7E7D727FB38F100D8DAF2 /* Debug */ = {
			isa = XCBuildConfiguration;
			baseConfigurationReference = CE5B6F4678B57CE85CF3BFCE /* Pods-ShopProjectApp-ShopProjectAppUITests.debug.xcconfig */;
			buildSettings = {
				ALWAYS_EMBED_SWIFT_STANDARD_LIBRARIES = YES;
				CODE_SIGN_STYLE = Automatic;
				CURRENT_PROJECT_VERSION = 1;
				GENERATE_INFOPLIST_FILE = YES;
				MARKETING_VERSION = 1.0;
				PRODUCT_BUNDLE_IDENTIFIER = Clarke.ShopProjectAppUITests;
				PRODUCT_NAME = "$(TARGET_NAME)";
				SWIFT_EMIT_LOC_STRINGS = NO;
				SWIFT_VERSION = 5.0;
				TARGETED_DEVICE_FAMILY = "1,2";
				TEST_TARGET_NAME = ShopProjectApp;
			};
			name = Debug;
		};
		4CB7E7D827FB38F100D8DAF2 /* Release */ = {
			isa = XCBuildConfiguration;
			baseConfigurationReference = 7EC31CBDA235E89B3CCF32E8 /* Pods-ShopProjectApp-ShopProjectAppUITests.release.xcconfig */;
			buildSettings = {
				ALWAYS_EMBED_SWIFT_STANDARD_LIBRARIES = YES;
				CODE_SIGN_STYLE = Automatic;
				CURRENT_PROJECT_VERSION = 1;
				GENERATE_INFOPLIST_FILE = YES;
				MARKETING_VERSION = 1.0;
				PRODUCT_BUNDLE_IDENTIFIER = Clarke.ShopProjectAppUITests;
				PRODUCT_NAME = "$(TARGET_NAME)";
				SWIFT_EMIT_LOC_STRINGS = NO;
				SWIFT_VERSION = 5.0;
				TARGETED_DEVICE_FAMILY = "1,2";
				TEST_TARGET_NAME = ShopProjectApp;
			};
			name = Release;
		};
/* End XCBuildConfiguration section */

/* Begin XCConfigurationList section */
		4CB7E7A127FB38F000D8DAF2 /* Build configuration list for PBXProject "ShopProjectApp" */ = {
			isa = XCConfigurationList;
			buildConfigurations = (
				4CB7E7CE27FB38F100D8DAF2 /* Debug */,
				4CB7E7CF27FB38F100D8DAF2 /* Release */,
			);
			defaultConfigurationIsVisible = 0;
			defaultConfigurationName = Release;
		};
		4CB7E7D027FB38F100D8DAF2 /* Build configuration list for PBXNativeTarget "ShopProjectApp" */ = {
			isa = XCConfigurationList;
			buildConfigurations = (
				4CB7E7D127FB38F100D8DAF2 /* Debug */,
				4CB7E7D227FB38F100D8DAF2 /* Release */,
			);
			defaultConfigurationIsVisible = 0;
			defaultConfigurationName = Release;
		};
		4CB7E7D327FB38F100D8DAF2 /* Build configuration list for PBXNativeTarget "ShopProjectAppTests" */ = {
			isa = XCConfigurationList;
			buildConfigurations = (
				4CB7E7D427FB38F100D8DAF2 /* Debug */,
				4CB7E7D527FB38F100D8DAF2 /* Release */,
			);
			defaultConfigurationIsVisible = 0;
			defaultConfigurationName = Release;
		};
		4CB7E7D627FB38F100D8DAF2 /* Build configuration list for PBXNativeTarget "ShopProjectAppUITests" */ = {
			isa = XCConfigurationList;
			buildConfigurations = (
				4CB7E7D727FB38F100D8DAF2 /* Debug */,
				4CB7E7D827FB38F100D8DAF2 /* Release */,
			);
			defaultConfigurationIsVisible = 0;
			defaultConfigurationName = Release;
		};
/* End XCConfigurationList section */
	};
	rootObject = 4CB7E79E27FB38F000D8DAF2 /* Project object */;
}
